
Microsoft Visual Studio Solution File, Format Version 12.00
# Visual Studio 15
VisualStudioVersion = 15.0.28010.2041
MinimumVisualStudioVersion = 10.0.40219.1
Project("{FAE04EC0-301F-11D3-BF4B-00C04F79EFBC}") = "CasWriterTeste", "CasWriterTeste\CasWriterTeste.csproj", "{FF4017ED-4B4D-4421-8726-DE238FB3EF9E}"
EndProject
Project("{FAE04EC0-301F-11D3-BF4B-00C04F79EFBC}") = "CasWriterDemo", "CasWriterDemo\CasWriterDemo.csproj", "{A01457C1-1E62-4E6D-84A8-55AF87947F74}"
EndProject
Global
	GlobalSection(SolutionConfigurationPlatforms) = preSolution
		Debug|Any CPU = Debug|Any CPU
		Release|Any CPU = Release|Any CPU
	EndGlobalSection
	GlobalSection(ProjectConfigurationPlatforms) = postSolution
		{FF4017ED-4B4D-4421-8726-DE238FB3EF9E}.Debug|Any CPU.ActiveCfg = Debug|Any CPU
		{FF4017ED-4B4D-4421-8726-DE238FB3EF9E}.Debug|Any CPU.Build.0 = Debug|Any CPU
		{FF4017ED-4B4D-4421-8726-DE238FB3EF9E}.Release|Any CPU.ActiveCfg = Release|Any CPU
		{FF4017ED-4B4D-4421-8726-DE238FB3EF9E}.Release|Any CPU.Build.0 = Release|Any CPU
		{A01457C1-1E62-4E6D-84A8-55AF87947F74}.Debug|Any CPU.ActiveCfg = Debug|Any CPU
		{A01457C1-1E62-4E6D-84A8-55AF87947F74}.Debug|Any CPU.Build.0 = Debug|Any CPU
		{A01457C1-1E62-4E6D-84A8-55AF87947F74}.Release|Any CPU.ActiveCfg = Release|Any CPU
		{A01457C1-1E62-4E6D-84A8-55AF87947F74}.Release|Any CPU.Build.0 = Release|Any CPU
	EndGlobalSection
	GlobalSection(SolutionProperties) = preSolution
		HideSolutionNode = FALSE
	EndGlobalSection
	GlobalSection(ExtensibilityGlobals) = postSolution
		SolutionGuid = {92DC37A2-A8DC-4FF6-B2A4-C4DDFFFFE5E6}
	EndGlobalSection
EndGlobal
