
Microsoft Visual Studio Solution File, Format Version 12.00
# Visual Studio 15
VisualStudioVersion = 15.0.28010.2041
MinimumVisualStudioVersion = 10.0.40219.1
Project("{FAE04EC0-301F-11D3-BF4B-00C04F79EFBC}") = "Config_TraceSourceListener", "Config_TraceSourceListener\Config_TraceSourceListener.csproj", "{4BC622E6-6CA5-4332-A706-E10E64A77957}"
EndProject
Global
	GlobalSection(SolutionConfigurationPlatforms) = preSolution
		Debug|Any CPU = Debug|Any CPU
		Release|Any CPU = Release|Any CPU
	EndGlobalSection
	GlobalSection(ProjectConfigurationPlatforms) = postSolution
		{4BC622E6-6CA5-4332-A706-E10E64A77957}.Debug|Any CPU.ActiveCfg = Debug|Any CPU
		{4BC622E6-6CA5-4332-A706-E10E64A77957}.Debug|Any CPU.Build.0 = Debug|Any CPU
		{4BC622E6-6CA5-4332-A706-E10E64A77957}.Release|Any CPU.ActiveCfg = Release|Any CPU
		{4BC622E6-6CA5-4332-A706-E10E64A77957}.Release|Any CPU.Build.0 = Release|Any CPU
	EndGlobalSection
	GlobalSection(SolutionProperties) = preSolution
		HideSolutionNode = FALSE
	EndGlobalSection
	GlobalSection(ExtensibilityGlobals) = postSolution
		SolutionGuid = {FACF461D-2AE7-453E-8E81-47C891348FB9}
	EndGlobalSection
EndGlobal
