
Microsoft Visual Studio Solution File, Format Version 12.00
# Visual Studio 15
VisualStudioVersion = 15.0.28010.2041
MinimumVisualStudioVersion = 10.0.40219.1
Project("{FAE04EC0-301F-11D3-BF4B-00C04F79EFBC}") = "CAS_01", "CAS_01\CAS_01.csproj", "{7E63B043-84C5-45B3-9EC3-F58591B35E06}"
EndProject
Project("{FAE04EC0-301F-11D3-BF4B-00C04F79EFBC}") = "TesteCAS", "TesteCAS\TesteCAS.csproj", "{CE2F7D99-6298-4ADB-B232-5BCBC4628BAA}"
EndProject
Global
	GlobalSection(SolutionConfigurationPlatforms) = preSolution
		Debug|Any CPU = Debug|Any CPU
		Debug|x86 = Debug|x86
		Release|Any CPU = Release|Any CPU
		Release|x86 = Release|x86
	EndGlobalSection
	GlobalSection(ProjectConfigurationPlatforms) = postSolution
		{7E63B043-84C5-45B3-9EC3-F58591B35E06}.Debug|Any CPU.ActiveCfg = Debug|Any CPU
		{7E63B043-84C5-45B3-9EC3-F58591B35E06}.Debug|Any CPU.Build.0 = Debug|Any CPU
		{7E63B043-84C5-45B3-9EC3-F58591B35E06}.Debug|x86.ActiveCfg = Debug|Any CPU
		{7E63B043-84C5-45B3-9EC3-F58591B35E06}.Debug|x86.Build.0 = Debug|Any CPU
		{7E63B043-84C5-45B3-9EC3-F58591B35E06}.Release|Any CPU.ActiveCfg = Release|Any CPU
		{7E63B043-84C5-45B3-9EC3-F58591B35E06}.Release|Any CPU.Build.0 = Release|Any CPU
		{7E63B043-84C5-45B3-9EC3-F58591B35E06}.Release|x86.ActiveCfg = Release|Any CPU
		{7E63B043-84C5-45B3-9EC3-F58591B35E06}.Release|x86.Build.0 = Release|Any CPU
		{CE2F7D99-6298-4ADB-B232-5BCBC4628BAA}.Debug|Any CPU.ActiveCfg = Debug|Any CPU
		{CE2F7D99-6298-4ADB-B232-5BCBC4628BAA}.Debug|Any CPU.Build.0 = Debug|Any CPU
		{CE2F7D99-6298-4ADB-B232-5BCBC4628BAA}.Debug|x86.ActiveCfg = Debug|Any CPU
		{CE2F7D99-6298-4ADB-B232-5BCBC4628BAA}.Debug|x86.Build.0 = Debug|Any CPU
		{CE2F7D99-6298-4ADB-B232-5BCBC4628BAA}.Release|Any CPU.ActiveCfg = Release|Any CPU
		{CE2F7D99-6298-4ADB-B232-5BCBC4628BAA}.Release|Any CPU.Build.0 = Release|Any CPU
		{CE2F7D99-6298-4ADB-B232-5BCBC4628BAA}.Release|x86.ActiveCfg = Release|Any CPU
		{CE2F7D99-6298-4ADB-B232-5BCBC4628BAA}.Release|x86.Build.0 = Release|Any CPU
	EndGlobalSection
	GlobalSection(SolutionProperties) = preSolution
		HideSolutionNode = FALSE
	EndGlobalSection
	GlobalSection(ExtensibilityGlobals) = postSolution
		SolutionGuid = {E4455213-B75B-456A-9CE7-5691BEDCC977}
	EndGlobalSection
EndGlobal
