
Microsoft Visual Studio Solution File, Format Version 12.00
# Visual Studio 15
VisualStudioVersion = 15.0.28010.2041
MinimumVisualStudioVersion = 10.0.40219.1
Project("{FAE04EC0-301F-11D3-BF4B-00C04F79EFBC}") = "Versionamento", "Versionamento\Versionamento.csproj", "{9687DEBA-27F7-4D4B-B0C9-38A0005291F2}"
EndProject
Project("{FAE04EC0-301F-11D3-BF4B-00C04F79EFBC}") = "SignLibrary", "SignLibrary\SignLibrary.csproj", "{A13A97C6-5055-4BB8-A6A8-0A8F10CACFAC}"
EndProject
Project("{FAE04EC0-301F-11D3-BF4B-00C04F79EFBC}") = "StrongNameLib", "StrongNameLib\StrongNameLib.csproj", "{DEFF83B3-DF50-4C04-A926-31E925654ACD}"
EndProject
Global
	GlobalSection(SolutionConfigurationPlatforms) = preSolution
		Debug|Any CPU = Debug|Any CPU
		Release|Any CPU = Release|Any CPU
	EndGlobalSection
	GlobalSection(ProjectConfigurationPlatforms) = postSolution
		{9687DEBA-27F7-4D4B-B0C9-38A0005291F2}.Debug|Any CPU.ActiveCfg = Debug|Any CPU
		{9687DEBA-27F7-4D4B-B0C9-38A0005291F2}.Debug|Any CPU.Build.0 = Debug|Any CPU
		{9687DEBA-27F7-4D4B-B0C9-38A0005291F2}.Release|Any CPU.ActiveCfg = Release|Any CPU
		{9687DEBA-27F7-4D4B-B0C9-38A0005291F2}.Release|Any CPU.Build.0 = Release|Any CPU
		{A13A97C6-5055-4BB8-A6A8-0A8F10CACFAC}.Debug|Any CPU.ActiveCfg = Debug|Any CPU
		{A13A97C6-5055-4BB8-A6A8-0A8F10CACFAC}.Debug|Any CPU.Build.0 = Debug|Any CPU
		{A13A97C6-5055-4BB8-A6A8-0A8F10CACFAC}.Release|Any CPU.ActiveCfg = Release|Any CPU
		{A13A97C6-5055-4BB8-A6A8-0A8F10CACFAC}.Release|Any CPU.Build.0 = Release|Any CPU
		{DEFF83B3-DF50-4C04-A926-31E925654ACD}.Debug|Any CPU.ActiveCfg = Debug|Any CPU
		{DEFF83B3-DF50-4C04-A926-31E925654ACD}.Debug|Any CPU.Build.0 = Debug|Any CPU
		{DEFF83B3-DF50-4C04-A926-31E925654ACD}.Release|Any CPU.ActiveCfg = Release|Any CPU
		{DEFF83B3-DF50-4C04-A926-31E925654ACD}.Release|Any CPU.Build.0 = Release|Any CPU
	EndGlobalSection
	GlobalSection(SolutionProperties) = preSolution
		HideSolutionNode = FALSE
	EndGlobalSection
	GlobalSection(ExtensibilityGlobals) = postSolution
		SolutionGuid = {E54FB65F-59DA-4F90-BD6B-E494C692312C}
	EndGlobalSection
EndGlobal
