
Microsoft Visual Studio Solution File, Format Version 12.00
# Visual Studio Version 16
VisualStudioVersion = 16.0.30011.22
MinimumVisualStudioVersion = 10.0.40219.1
Project("{FAE04EC0-301F-11D3-BF4B-00C04F79EFBC}") = "Dynmic_field", "Dynmic_field\Dynmic_field.csproj", "{392109AC-A54C-4EA1-8AA0-A1BDEA611FAF}"
EndProject
Global
	GlobalSection(SolutionConfigurationPlatforms) = preSolution
		Debug|Any CPU = Debug|Any CPU
		Release|Any CPU = Release|Any CPU
	EndGlobalSection
	GlobalSection(ProjectConfigurationPlatforms) = postSolution
		{392109AC-A54C-4EA1-8AA0-A1BDEA611FAF}.Debug|Any CPU.ActiveCfg = Debug|Any CPU
		{392109AC-A54C-4EA1-8AA0-A1BDEA611FAF}.Debug|Any CPU.Build.0 = Debug|Any CPU
		{392109AC-A54C-4EA1-8AA0-A1BDEA611FAF}.Release|Any CPU.ActiveCfg = Release|Any CPU
		{392109AC-A54C-4EA1-8AA0-A1BDEA611FAF}.Release|Any CPU.Build.0 = Release|Any CPU
	EndGlobalSection
	GlobalSection(SolutionProperties) = preSolution
		HideSolutionNode = FALSE
	EndGlobalSection
	GlobalSection(ExtensibilityGlobals) = postSolution
		SolutionGuid = {19C76033-8DA0-4AF7-90AE-A678D4EED777}
	EndGlobalSection
EndGlobal
