
Microsoft Visual Studio Solution File, Format Version 12.00
# Visual Studio 15
VisualStudioVersion = 15.0.28010.2041
MinimumVisualStudioVersion = 10.0.40219.1
Project("{FAE04EC0-301F-11D3-BF4B-00C04F79EFBC}") = "Classe_ProtectedData", "Classe_ProtectedData\Classe_ProtectedData.csproj", "{4CF67F04-1F1D-416D-9304-42F2E48C4A10}"
EndProject
Global
	GlobalSection(SolutionConfigurationPlatforms) = preSolution
		Debug|Any CPU = Debug|Any CPU
		Release|Any CPU = Release|Any CPU
	EndGlobalSection
	GlobalSection(ProjectConfigurationPlatforms) = postSolution
		{4CF67F04-1F1D-416D-9304-42F2E48C4A10}.Debug|Any CPU.ActiveCfg = Debug|Any CPU
		{4CF67F04-1F1D-416D-9304-42F2E48C4A10}.Debug|Any CPU.Build.0 = Debug|Any CPU
		{4CF67F04-1F1D-416D-9304-42F2E48C4A10}.Release|Any CPU.ActiveCfg = Release|Any CPU
		{4CF67F04-1F1D-416D-9304-42F2E48C4A10}.Release|Any CPU.Build.0 = Release|Any CPU
	EndGlobalSection
	GlobalSection(SolutionProperties) = preSolution
		HideSolutionNode = FALSE
	EndGlobalSection
	GlobalSection(ExtensibilityGlobals) = postSolution
		SolutionGuid = {B75CBFA4-F92B-4828-926F-6CA64F77595F}
	EndGlobalSection
EndGlobal
