
Microsoft Visual Studio Solution File, Format Version 12.00
# Visual Studio 15
VisualStudioVersion = 15.0.28010.2041
MinimumVisualStudioVersion = 10.0.40219.1
Project("{FAE04EC0-301F-11D3-BF4B-00C04F79EFBC}") = "Parse", "Parse\Parse.csproj", "{3B10D803-31C4-4E7A-8C44-E8AAFCE757C0}"
EndProject
Global
	GlobalSection(SolutionConfigurationPlatforms) = preSolution
		Debug|Any CPU = Debug|Any CPU
		Release|Any CPU = Release|Any CPU
	EndGlobalSection
	GlobalSection(ProjectConfigurationPlatforms) = postSolution
		{3B10D803-31C4-4E7A-8C44-E8AAFCE757C0}.Debug|Any CPU.ActiveCfg = Debug|Any CPU
		{3B10D803-31C4-4E7A-8C44-E8AAFCE757C0}.Debug|Any CPU.Build.0 = Debug|Any CPU
		{3B10D803-31C4-4E7A-8C44-E8AAFCE757C0}.Release|Any CPU.ActiveCfg = Release|Any CPU
		{3B10D803-31C4-4E7A-8C44-E8AAFCE757C0}.Release|Any CPU.Build.0 = Release|Any CPU
	EndGlobalSection
	GlobalSection(SolutionProperties) = preSolution
		HideSolutionNode = FALSE
	EndGlobalSection
	GlobalSection(ExtensibilityGlobals) = postSolution
		SolutionGuid = {6397355C-E0A4-429E-B861-733E8AEA9C4D}
	EndGlobalSection
EndGlobal
