
Microsoft Visual Studio Solution File, Format Version 12.00
# Visual Studio 15
VisualStudioVersion = 15.0.28010.2041
MinimumVisualStudioVersion = 10.0.40219.1
Project("{FAE04EC0-301F-11D3-BF4B-00C04F79EFBC}") = "Assimetrico", "Assimetrico\Assimetrico.csproj", "{8B2E9681-1C65-4618-900E-AD7B820B6E40}"
EndProject
Global
	GlobalSection(SolutionConfigurationPlatforms) = preSolution
		Debug|Any CPU = Debug|Any CPU
		Release|Any CPU = Release|Any CPU
	EndGlobalSection
	GlobalSection(ProjectConfigurationPlatforms) = postSolution
		{8B2E9681-1C65-4618-900E-AD7B820B6E40}.Debug|Any CPU.ActiveCfg = Debug|Any CPU
		{8B2E9681-1C65-4618-900E-AD7B820B6E40}.Debug|Any CPU.Build.0 = Debug|Any CPU
		{8B2E9681-1C65-4618-900E-AD7B820B6E40}.Release|Any CPU.ActiveCfg = Release|Any CPU
		{8B2E9681-1C65-4618-900E-AD7B820B6E40}.Release|Any CPU.Build.0 = Release|Any CPU
	EndGlobalSection
	GlobalSection(SolutionProperties) = preSolution
		HideSolutionNode = FALSE
	EndGlobalSection
	GlobalSection(ExtensibilityGlobals) = postSolution
		SolutionGuid = {10BAEFEC-9B6B-4102-A8E8-86FB61E20912}
	EndGlobalSection
EndGlobal
