
Microsoft Visual Studio Solution File, Format Version 12.00
# Visual Studio 15
VisualStudioVersion = 15.0.28010.2041
MinimumVisualStudioVersion = 10.0.40219.1
Project("{FAE04EC0-301F-11D3-BF4B-00C04F79EFBC}") = "Create_Certificates", "Create_Certificates\Create_Certificates.csproj", "{DEA60E76-3854-4C49-95F6-11CB1182B97F}"
EndProject
Global
	GlobalSection(SolutionConfigurationPlatforms) = preSolution
		Debug|Any CPU = Debug|Any CPU
		Release|Any CPU = Release|Any CPU
	EndGlobalSection
	GlobalSection(ProjectConfigurationPlatforms) = postSolution
		{DEA60E76-3854-4C49-95F6-11CB1182B97F}.Debug|Any CPU.ActiveCfg = Debug|Any CPU
		{DEA60E76-3854-4C49-95F6-11CB1182B97F}.Debug|Any CPU.Build.0 = Debug|Any CPU
		{DEA60E76-3854-4C49-95F6-11CB1182B97F}.Release|Any CPU.ActiveCfg = Release|Any CPU
		{DEA60E76-3854-4C49-95F6-11CB1182B97F}.Release|Any CPU.Build.0 = Release|Any CPU
	EndGlobalSection
	GlobalSection(SolutionProperties) = preSolution
		HideSolutionNode = FALSE
	EndGlobalSection
	GlobalSection(ExtensibilityGlobals) = postSolution
		SolutionGuid = {20264B99-2424-4133-B30C-8890B8B7A437}
	EndGlobalSection
EndGlobal
