
Microsoft Visual Studio Solution File, Format Version 12.00
# Visual Studio 15
VisualStudioVersion = 15.0.28010.2041
MinimumVisualStudioVersion = 10.0.40219.1
Project("{FAE04EC0-301F-11D3-BF4B-00C04F79EFBC}") = "Create_EventLog", "Create_EventLog\Create_EventLog.csproj", "{1AA69552-70DB-448D-A802-1F44AFDDDD3D}"
EndProject
Global
	GlobalSection(SolutionConfigurationPlatforms) = preSolution
		Debug|Any CPU = Debug|Any CPU
		Release|Any CPU = Release|Any CPU
	EndGlobalSection
	GlobalSection(ProjectConfigurationPlatforms) = postSolution
		{1AA69552-70DB-448D-A802-1F44AFDDDD3D}.Debug|Any CPU.ActiveCfg = Debug|Any CPU
		{1AA69552-70DB-448D-A802-1F44AFDDDD3D}.Debug|Any CPU.Build.0 = Debug|Any CPU
		{1AA69552-70DB-448D-A802-1F44AFDDDD3D}.Release|Any CPU.ActiveCfg = Release|Any CPU
		{1AA69552-70DB-448D-A802-1F44AFDDDD3D}.Release|Any CPU.Build.0 = Release|Any CPU
	EndGlobalSection
	GlobalSection(SolutionProperties) = preSolution
		HideSolutionNode = FALSE
	EndGlobalSection
	GlobalSection(ExtensibilityGlobals) = postSolution
		SolutionGuid = {0070A8E3-5455-4431-B3C1-C3186D22A003}
	EndGlobalSection
EndGlobal
