
Microsoft Visual Studio Solution File, Format Version 12.00
# Visual Studio 15
VisualStudioVersion = 15.0.28010.2016
MinimumVisualStudioVersion = 10.0.40219.1
Project("{FAE04EC0-301F-11D3-BF4B-00C04F79EFBC}") = "CAS_Teste01", "CAS_Teste01\CAS_Teste01.csproj", "{838EE07F-C62B-453B-A8C2-751E9BB96DC5}"
EndProject
Project("{FAE04EC0-301F-11D3-BF4B-00C04F79EFBC}") = "WindowsFormsApp1", "WindowsFormsApp1\WindowsFormsApp1.csproj", "{CCD5214F-7CF6-4F62-BCD0-E6F262F07010}"
EndProject
Global
	GlobalSection(SolutionConfigurationPlatforms) = preSolution
		Debug|Any CPU = Debug|Any CPU
		Release|Any CPU = Release|Any CPU
	EndGlobalSection
	GlobalSection(ProjectConfigurationPlatforms) = postSolution
		{838EE07F-C62B-453B-A8C2-751E9BB96DC5}.Debug|Any CPU.ActiveCfg = Debug|Any CPU
		{838EE07F-C62B-453B-A8C2-751E9BB96DC5}.Debug|Any CPU.Build.0 = Debug|Any CPU
		{838EE07F-C62B-453B-A8C2-751E9BB96DC5}.Release|Any CPU.ActiveCfg = Release|Any CPU
		{838EE07F-C62B-453B-A8C2-751E9BB96DC5}.Release|Any CPU.Build.0 = Release|Any CPU
		{CCD5214F-7CF6-4F62-BCD0-E6F262F07010}.Debug|Any CPU.ActiveCfg = Debug|Any CPU
		{CCD5214F-7CF6-4F62-BCD0-E6F262F07010}.Debug|Any CPU.Build.0 = Debug|Any CPU
		{CCD5214F-7CF6-4F62-BCD0-E6F262F07010}.Release|Any CPU.ActiveCfg = Release|Any CPU
		{CCD5214F-7CF6-4F62-BCD0-E6F262F07010}.Release|Any CPU.Build.0 = Release|Any CPU
	EndGlobalSection
	GlobalSection(SolutionProperties) = preSolution
		HideSolutionNode = FALSE
	EndGlobalSection
	GlobalSection(ExtensibilityGlobals) = postSolution
		SolutionGuid = {E62B4581-B699-4605-B322-CDCB3FDF9949}
	EndGlobalSection
EndGlobal
